
Microsoft Visual Studio Solution File, Format Version 11.00
# Visual Studio 2010
# SharpDevelop 5.2
Project("{FAE04EC0-301F-11D3-BF4B-00C04F79EFBC}") = "ProtobufDecoder", "ProtobufDecoder\ProtobufDecoder.csproj", "{C66A7B23-1BE9-4F34-B77F-EF054FB6979C}"
EndProject
Global
	GlobalSection(SolutionConfigurationPlatforms) = preSolution
		Debug|Any CPU = Debug|Any CPU
		Release|Any CPU = Release|Any CPU
	EndGlobalSection
	GlobalSection(ProjectConfigurationPlatforms) = postSolution
		{C66A7B23-1BE9-4F34-B77F-EF054FB6979C}.Debug|Any CPU.ActiveCfg = Debug|Any CPU
		{C66A7B23-1BE9-4F34-B77F-EF054FB6979C}.Debug|Any CPU.Build.0 = Debug|Any CPU
		{C66A7B23-1BE9-4F34-B77F-EF054FB6979C}.Release|Any CPU.ActiveCfg = Release|Any CPU
		{C66A7B23-1BE9-4F34-B77F-EF054FB6979C}.Release|Any CPU.Build.0 = Release|Any CPU
	EndGlobalSection
EndGlobal
